
Microsoft Visual Studio Solution File, Format Version 12.00
# Visual Studio Version 16
VisualStudioVersion = 16.0.29209.62
MinimumVisualStudioVersion = 15.0.26124.0
Project("{9A19103F-16F7-4668-BE54-9A1E7A4F7556}") = "Nanoblog.AppCore", "Nanoblog.AppCore\Nanoblog.AppCore.csproj", "{4312EFCA-0F2C-476D-82D5-989AFEFF3CBB}"
EndProject
Project("{9A19103F-16F7-4668-BE54-9A1E7A4F7556}") = "Nanoblog.Common", "..\..\Common\Nanoblog.Common\Nanoblog.Common.csproj", "{916B3123-5137-4884-ADEC-C4AB71DA34D6}"
EndProject
Project("{9A19103F-16F7-4668-BE54-9A1E7A4F7556}") = "Nanoblog.Wpf", "Nanoblog.Wpf\Nanoblog.Wpf.csproj", "{BE0E39FB-A57F-48CD-875A-445115ADCD18}"
EndProject
Project("{9A19103F-16F7-4668-BE54-9A1E7A4F7556}") = "Nanoblog.ApiService", "Nanoblog.ApiService\Nanoblog.ApiService.csproj", "{74A31EE7-8B42-426D-BF1E-EC73BD1F1745}"
EndProject
Project("{2150E333-8FDC-42A3-9474-1A3956D46DE8}") = "Desktop", "Desktop", "{5207BF44-BCB0-418B-A360-97C5F633F1B6}"
EndProject
Global
	GlobalSection(SolutionConfigurationPlatforms) = preSolution
		Debug|Any CPU = Debug|Any CPU
		Debug|x64 = Debug|x64
		Debug|x86 = Debug|x86
		Release|Any CPU = Release|Any CPU
		Release|x64 = Release|x64
		Release|x86 = Release|x86
	EndGlobalSection
	GlobalSection(ProjectConfigurationPlatforms) = postSolution
		{4312EFCA-0F2C-476D-82D5-989AFEFF3CBB}.Debug|Any CPU.ActiveCfg = Debug|Any CPU
		{4312EFCA-0F2C-476D-82D5-989AFEFF3CBB}.Debug|Any CPU.Build.0 = Debug|Any CPU
		{4312EFCA-0F2C-476D-82D5-989AFEFF3CBB}.Debug|x64.ActiveCfg = Debug|Any CPU
		{4312EFCA-0F2C-476D-82D5-989AFEFF3CBB}.Debug|x64.Build.0 = Debug|Any CPU
		{4312EFCA-0F2C-476D-82D5-989AFEFF3CBB}.Debug|x86.ActiveCfg = Debug|Any CPU
		{4312EFCA-0F2C-476D-82D5-989AFEFF3CBB}.Debug|x86.Build.0 = Debug|Any CPU
		{4312EFCA-0F2C-476D-82D5-989AFEFF3CBB}.Release|Any CPU.ActiveCfg = Release|Any CPU
		{4312EFCA-0F2C-476D-82D5-989AFEFF3CBB}.Release|Any CPU.Build.0 = Release|Any CPU
		{4312EFCA-0F2C-476D-82D5-989AFEFF3CBB}.Release|x64.ActiveCfg = Release|Any CPU
		{4312EFCA-0F2C-476D-82D5-989AFEFF3CBB}.Release|x64.Build.0 = Release|Any CPU
		{4312EFCA-0F2C-476D-82D5-989AFEFF3CBB}.Release|x86.ActiveCfg = Release|Any CPU
		{4312EFCA-0F2C-476D-82D5-989AFEFF3CBB}.Release|x86.Build.0 = Release|Any CPU
		{916B3123-5137-4884-ADEC-C4AB71DA34D6}.Debug|Any CPU.ActiveCfg = Debug|Any CPU
		{916B3123-5137-4884-ADEC-C4AB71DA34D6}.Debug|Any CPU.Build.0 = Debug|Any CPU
		{916B3123-5137-4884-ADEC-C4AB71DA34D6}.Debug|x64.ActiveCfg = Debug|Any CPU
		{916B3123-5137-4884-ADEC-C4AB71DA34D6}.Debug|x64.Build.0 = Debug|Any CPU
		{916B3123-5137-4884-ADEC-C4AB71DA34D6}.Debug|x86.ActiveCfg = Debug|Any CPU
		{916B3123-5137-4884-ADEC-C4AB71DA34D6}.Debug|x86.Build.0 = Debug|Any CPU
		{916B3123-5137-4884-ADEC-C4AB71DA34D6}.Release|Any CPU.ActiveCfg = Release|Any CPU
		{916B3123-5137-4884-ADEC-C4AB71DA34D6}.Release|Any CPU.Build.0 = Release|Any CPU
		{916B3123-5137-4884-ADEC-C4AB71DA34D6}.Release|x64.ActiveCfg = Release|Any CPU
		{916B3123-5137-4884-ADEC-C4AB71DA34D6}.Release|x64.Build.0 = Release|Any CPU
		{916B3123-5137-4884-ADEC-C4AB71DA34D6}.Release|x86.ActiveCfg = Release|Any CPU
		{916B3123-5137-4884-ADEC-C4AB71DA34D6}.Release|x86.Build.0 = Release|Any CPU
		{BE0E39FB-A57F-48CD-875A-445115ADCD18}.Debug|Any CPU.ActiveCfg = Debug|Any CPU
		{BE0E39FB-A57F-48CD-875A-445115ADCD18}.Debug|Any CPU.Build.0 = Debug|Any CPU
		{BE0E39FB-A57F-48CD-875A-445115ADCD18}.Debug|x64.ActiveCfg = Debug|Any CPU
		{BE0E39FB-A57F-48CD-875A-445115ADCD18}.Debug|x64.Build.0 = Debug|Any CPU
		{BE0E39FB-A57F-48CD-875A-445115ADCD18}.Debug|x86.ActiveCfg = Debug|Any CPU
		{BE0E39FB-A57F-48CD-875A-445115ADCD18}.Debug|x86.Build.0 = Debug|Any CPU
		{BE0E39FB-A57F-48CD-875A-445115ADCD18}.Release|Any CPU.ActiveCfg = Release|Any CPU
		{BE0E39FB-A57F-48CD-875A-445115ADCD18}.Release|Any CPU.Build.0 = Release|Any CPU
		{BE0E39FB-A57F-48CD-875A-445115ADCD18}.Release|x64.ActiveCfg = Release|Any CPU
		{BE0E39FB-A57F-48CD-875A-445115ADCD18}.Release|x64.Build.0 = Release|Any CPU
		{BE0E39FB-A57F-48CD-875A-445115ADCD18}.Release|x86.ActiveCfg = Release|Any CPU
		{BE0E39FB-A57F-48CD-875A-445115ADCD18}.Release|x86.Build.0 = Release|Any CPU
		{74A31EE7-8B42-426D-BF1E-EC73BD1F1745}.Debug|Any CPU.ActiveCfg = Debug|Any CPU
		{74A31EE7-8B42-426D-BF1E-EC73BD1F1745}.Debug|Any CPU.Build.0 = Debug|Any CPU
		{74A31EE7-8B42-426D-BF1E-EC73BD1F1745}.Debug|x64.ActiveCfg = Debug|Any CPU
		{74A31EE7-8B42-426D-BF1E-EC73BD1F1745}.Debug|x64.Build.0 = Debug|Any CPU
		{74A31EE7-8B42-426D-BF1E-EC73BD1F1745}.Debug|x86.ActiveCfg = Debug|Any CPU
		{74A31EE7-8B42-426D-BF1E-EC73BD1F1745}.Debug|x86.Build.0 = Debug|Any CPU
		{74A31EE7-8B42-426D-BF1E-EC73BD1F1745}.Release|Any CPU.ActiveCfg = Release|Any CPU
		{74A31EE7-8B42-426D-BF1E-EC73BD1F1745}.Release|Any CPU.Build.0 = Release|Any CPU
		{74A31EE7-8B42-426D-BF1E-EC73BD1F1745}.Release|x64.ActiveCfg = Release|Any CPU
		{74A31EE7-8B42-426D-BF1E-EC73BD1F1745}.Release|x64.Build.0 = Release|Any CPU
		{74A31EE7-8B42-426D-BF1E-EC73BD1F1745}.Release|x86.ActiveCfg = Release|Any CPU
		{74A31EE7-8B42-426D-BF1E-EC73BD1F1745}.Release|x86.Build.0 = Release|Any CPU
	EndGlobalSection
	GlobalSection(SolutionProperties) = preSolution
		HideSolutionNode = FALSE
	EndGlobalSection
	GlobalSection(NestedProjects) = preSolution
		{4312EFCA-0F2C-476D-82D5-989AFEFF3CBB} = {5207BF44-BCB0-418B-A360-97C5F633F1B6}
		{BE0E39FB-A57F-48CD-875A-445115ADCD18} = {5207BF44-BCB0-418B-A360-97C5F633F1B6}
	EndGlobalSection
	GlobalSection(ExtensibilityGlobals) = postSolution
		SolutionGuid = {76CF0012-091E-4DA7-864B-5205056AF0CB}
	EndGlobalSection
EndGlobal
